
Microsoft Visual Studio Solution File, Format Version 12.00
# Visual Studio 15
VisualStudioVersion = 15.0.28307.1684
MinimumVisualStudioVersion = 10.0.40219.1
Project("{8BC9CEB8-8B4A-11D0-8D11-00A0C91BC942}") = "幂级求近似值", "幂级求近似值\幂级求近似值.vcxproj", "{05AC7B44-AC1C-4DF8-AF5D-C04AE0F824BE}"
EndProject
Global
	GlobalSection(SolutionConfigurationPlatforms) = preSolution
		Debug|x64 = Debug|x64
		Debug|x86 = Debug|x86
		Release|x64 = Release|x64
		Release|x86 = Release|x86
	EndGlobalSection
	GlobalSection(ProjectConfigurationPlatforms) = postSolution
		{05AC7B44-AC1C-4DF8-AF5D-C04AE0F824BE}.Debug|x64.ActiveCfg = Debug|x64
		{05AC7B44-AC1C-4DF8-AF5D-C04AE0F824BE}.Debug|x64.Build.0 = Debug|x64
		{05AC7B44-AC1C-4DF8-AF5D-C04AE0F824BE}.Debug|x86.ActiveCfg = Debug|Win32
		{05AC7B44-AC1C-4DF8-AF5D-C04AE0F824BE}.Debug|x86.Build.0 = Debug|Win32
		{05AC7B44-AC1C-4DF8-AF5D-C04AE0F824BE}.Release|x64.ActiveCfg = Release|x64
		{05AC7B44-AC1C-4DF8-AF5D-C04AE0F824BE}.Release|x64.Build.0 = Release|x64
		{05AC7B44-AC1C-4DF8-AF5D-C04AE0F824BE}.Release|x86.ActiveCfg = Release|Win32
		{05AC7B44-AC1C-4DF8-AF5D-C04AE0F824BE}.Release|x86.Build.0 = Release|Win32
	EndGlobalSection
	GlobalSection(SolutionProperties) = preSolution
		HideSolutionNode = FALSE
	EndGlobalSection
	GlobalSection(ExtensibilityGlobals) = postSolution
		SolutionGuid = {C4E769A0-E064-4D15-A31D-CA4B6AB9DE2F}
	EndGlobalSection
EndGlobal
