
Microsoft Visual Studio Solution File, Format Version 12.00
# Visual Studio 15
VisualStudioVersion = 15.0.28307.1684
MinimumVisualStudioVersion = 10.0.40219.1
Project("{8BC9CEB8-8B4A-11D0-8D11-00A0C91BC942}") = "C++ke", "C++ke\C++ke.vcxproj", "{3F762E74-CD69-43DB-9AC0-EA3F2BB42AAB}"
EndProject
Global
	GlobalSection(SolutionConfigurationPlatforms) = preSolution
		Debug|x64 = Debug|x64
		Debug|x86 = Debug|x86
		Release|x64 = Release|x64
		Release|x86 = Release|x86
	EndGlobalSection
	GlobalSection(ProjectConfigurationPlatforms) = postSolution
		{3F762E74-CD69-43DB-9AC0-EA3F2BB42AAB}.Debug|x64.ActiveCfg = Debug|x64
		{3F762E74-CD69-43DB-9AC0-EA3F2BB42AAB}.Debug|x64.Build.0 = Debug|x64
		{3F762E74-CD69-43DB-9AC0-EA3F2BB42AAB}.Debug|x86.ActiveCfg = Debug|Win32
		{3F762E74-CD69-43DB-9AC0-EA3F2BB42AAB}.Debug|x86.Build.0 = Debug|Win32
		{3F762E74-CD69-43DB-9AC0-EA3F2BB42AAB}.Release|x64.ActiveCfg = Release|x64
		{3F762E74-CD69-43DB-9AC0-EA3F2BB42AAB}.Release|x64.Build.0 = Release|x64
		{3F762E74-CD69-43DB-9AC0-EA3F2BB42AAB}.Release|x86.ActiveCfg = Release|Win32
		{3F762E74-CD69-43DB-9AC0-EA3F2BB42AAB}.Release|x86.Build.0 = Release|Win32
	EndGlobalSection
	GlobalSection(SolutionProperties) = preSolution
		HideSolutionNode = FALSE
	EndGlobalSection
	GlobalSection(ExtensibilityGlobals) = postSolution
		SolutionGuid = {3BBF5AD9-EA62-44ED-9462-03B6BDD6453C}
	EndGlobalSection
EndGlobal
