
Microsoft Visual Studio Solution File, Format Version 12.00
# Visual Studio 15
VisualStudioVersion = 15.0.28307.1705
MinimumVisualStudioVersion = 10.0.40219.1
Project("{8BC9CEB8-8B4A-11D0-8D11-00A0C91BC942}") = "Project9", "Project9\Project9.vcxproj", "{8E64A2D7-1EC7-4D2E-B1E4-89089F9BFE99}"
EndProject
Global
	GlobalSection(SolutionConfigurationPlatforms) = preSolution
		Debug|x64 = Debug|x64
		Debug|x86 = Debug|x86
		Release|x64 = Release|x64
		Release|x86 = Release|x86
	EndGlobalSection
	GlobalSection(ProjectConfigurationPlatforms) = postSolution
		{8E64A2D7-1EC7-4D2E-B1E4-89089F9BFE99}.Debug|x64.ActiveCfg = Debug|x64
		{8E64A2D7-1EC7-4D2E-B1E4-89089F9BFE99}.Debug|x64.Build.0 = Debug|x64
		{8E64A2D7-1EC7-4D2E-B1E4-89089F9BFE99}.Debug|x86.ActiveCfg = Debug|Win32
		{8E64A2D7-1EC7-4D2E-B1E4-89089F9BFE99}.Debug|x86.Build.0 = Debug|Win32
		{8E64A2D7-1EC7-4D2E-B1E4-89089F9BFE99}.Release|x64.ActiveCfg = Release|x64
		{8E64A2D7-1EC7-4D2E-B1E4-89089F9BFE99}.Release|x64.Build.0 = Release|x64
		{8E64A2D7-1EC7-4D2E-B1E4-89089F9BFE99}.Release|x86.ActiveCfg = Release|Win32
		{8E64A2D7-1EC7-4D2E-B1E4-89089F9BFE99}.Release|x86.Build.0 = Release|Win32
	EndGlobalSection
	GlobalSection(SolutionProperties) = preSolution
		HideSolutionNode = FALSE
	EndGlobalSection
	GlobalSection(ExtensibilityGlobals) = postSolution
		SolutionGuid = {588AB270-8BDD-4CAC-936C-7C7991F00479}
	EndGlobalSection
EndGlobal
