
Microsoft Visual Studio Solution File, Format Version 12.00
# Visual Studio 15
VisualStudioVersion = 15.0.28307.1705
MinimumVisualStudioVersion = 10.0.40219.1
Project("{8BC9CEB8-8B4A-11D0-8D11-00A0C91BC942}") = "C++大作业client", "C++大作业client\C++大作业client.vcxproj", "{9C1D5A08-8EB3-429A-B438-31B35BB5B4C2}"
EndProject
Global
	GlobalSection(SolutionConfigurationPlatforms) = preSolution
		Debug|x64 = Debug|x64
		Debug|x86 = Debug|x86
		Release|x64 = Release|x64
		Release|x86 = Release|x86
	EndGlobalSection
	GlobalSection(ProjectConfigurationPlatforms) = postSolution
		{9C1D5A08-8EB3-429A-B438-31B35BB5B4C2}.Debug|x64.ActiveCfg = Debug|x64
		{9C1D5A08-8EB3-429A-B438-31B35BB5B4C2}.Debug|x64.Build.0 = Debug|x64
		{9C1D5A08-8EB3-429A-B438-31B35BB5B4C2}.Debug|x86.ActiveCfg = Debug|Win32
		{9C1D5A08-8EB3-429A-B438-31B35BB5B4C2}.Debug|x86.Build.0 = Debug|Win32
		{9C1D5A08-8EB3-429A-B438-31B35BB5B4C2}.Release|x64.ActiveCfg = Release|x64
		{9C1D5A08-8EB3-429A-B438-31B35BB5B4C2}.Release|x64.Build.0 = Release|x64
		{9C1D5A08-8EB3-429A-B438-31B35BB5B4C2}.Release|x86.ActiveCfg = Release|Win32
		{9C1D5A08-8EB3-429A-B438-31B35BB5B4C2}.Release|x86.Build.0 = Release|Win32
	EndGlobalSection
	GlobalSection(SolutionProperties) = preSolution
		HideSolutionNode = FALSE
	EndGlobalSection
	GlobalSection(ExtensibilityGlobals) = postSolution
		SolutionGuid = {9B484ACF-0240-4CD6-B83F-7A70A0CA330F}
	EndGlobalSection
EndGlobal
